// !$*UTF8*$!
{
	archiveVersion = 1;
	classes = {
	};
	objectVersion = 50;
	objects = {

/* Begin PBXBuildFile section */
		980E8D52240593B10040A036 /* ReachabilityService.swift in Sources */ = {isa = PBXBuildFile; fileRef = 980E8D51240593B10040A036 /* ReachabilityService.swift */; };
		980E8D54240594520040A036 /* ReachabilityChecker.swift in Sources */ = {isa = PBXBuildFile; fileRef = 980E8D53240594520040A036 /* ReachabilityChecker.swift */; };
		9815627523FAE5C600C0F4BC /* ErrorModel.swift in Sources */ = {isa = PBXBuildFile; fileRef = 9815627423FAE5C600C0F4BC /* ErrorModel.swift */; };
		982B6C0A23F9C08C00FF1814 /* NetworkService.swift in Sources */ = {isa = PBXBuildFile; fileRef = 982B6C0923F9C08C00FF1814 /* NetworkService.swift */; };
		982B6C0C23F9C12900FF1814 /* ForecastRouter.swift in Sources */ = {isa = PBXBuildFile; fileRef = 982B6C0B23F9C12900FF1814 /* ForecastRouter.swift */; };
		982B6C0E23F9C17500FF1814 /* Constants.swift in Sources */ = {isa = PBXBuildFile; fileRef = 982B6C0D23F9C17500FF1814 /* Constants.swift */; };
		982B6C1023F9C34200FF1814 /* WeatherFetcher.swift in Sources */ = {isa = PBXBuildFile; fileRef = 982B6C0F23F9C34200FF1814 /* WeatherFetcher.swift */; };
		982B6C1223F9C43D00FF1814 /* LocationFetcher.swift in Sources */ = {isa = PBXBuildFile; fileRef = 982B6C1123F9C43D00FF1814 /* LocationFetcher.swift */; };
		983D38E523F95629004917DA /* AppDelegate.swift in Sources */ = {isa = PBXBuildFile; fileRef = 983D38E423F95629004917DA /* AppDelegate.swift */; };
		983D38E723F95629004917DA /* SceneDelegate.swift in Sources */ = {isa = PBXBuildFile; fileRef = 983D38E623F95629004917DA /* SceneDelegate.swift */; };
		983D38E923F95629004917DA /* ForecastVC.swift in Sources */ = {isa = PBXBuildFile; fileRef = 983D38E823F95629004917DA /* ForecastVC.swift */; };
		983D38EE23F9562B004917DA /* Assets.xcassets in Resources */ = {isa = PBXBuildFile; fileRef = 983D38ED23F9562B004917DA /* Assets.xcassets */; };
		983D38F123F9562B004917DA /* LaunchScreen.storyboard in Resources */ = {isa = PBXBuildFile; fileRef = 983D38EF23F9562B004917DA /* LaunchScreen.storyboard */; };
		983D38FC23F9562B004917DA /* ReactiveWeatherAppTests.swift in Sources */ = {isa = PBXBuildFile; fileRef = 983D38FB23F9562B004917DA /* ReactiveWeatherAppTests.swift */; };
		983D390723F9562B004917DA /* ReactiveWeatherAppUITests.swift in Sources */ = {isa = PBXBuildFile; fileRef = 983D390623F9562B004917DA /* ReactiveWeatherAppUITests.swift */; };
		983D391723F97099004917DA /* Alamofire.framework in Frameworks */ = {isa = PBXBuildFile; fileRef = 983D391623F97099004917DA /* Alamofire.framework */; };
		983D391B23F970A1004917DA /* Swinject.framework in Frameworks */ = {isa = PBXBuildFile; fileRef = 983D391A23F970A1004917DA /* Swinject.framework */; };
		983D392A23F97D3A004917DA /* WeatherCell.swift in Sources */ = {isa = PBXBuildFile; fileRef = 983D392923F97D3A004917DA /* WeatherCell.swift */; };
		983D392C23F980F4004917DA /* ForecastViewModel.swift in Sources */ = {isa = PBXBuildFile; fileRef = 983D392B23F980F4004917DA /* ForecastViewModel.swift */; };
		983D392E23F98244004917DA /* WeatherModel.swift in Sources */ = {isa = PBXBuildFile; fileRef = 983D392D23F98244004917DA /* WeatherModel.swift */; };
		983D393023F982D0004917DA /* LocationModel.swift in Sources */ = {isa = PBXBuildFile; fileRef = 983D392F23F982D0004917DA /* LocationModel.swift */; };
		983D393223F98306004917DA /* LocationService.swift in Sources */ = {isa = PBXBuildFile; fileRef = 983D393123F98306004917DA /* LocationService.swift */; };
		983E95FB2401A1340028DA07 /* DetailedWeatherViewModel.swift in Sources */ = {isa = PBXBuildFile; fileRef = 983E95FA2401A1340028DA07 /* DetailedWeatherViewModel.swift */; };
		984026892401583A0060D55F /* ForecastDataSource.swift in Sources */ = {isa = PBXBuildFile; fileRef = 984026882401583A0060D55F /* ForecastDataSource.swift */; };
		989465A323FDA65000B77629 /* Extensions.swift in Sources */ = {isa = PBXBuildFile; fileRef = 989465A223FDA65000B77629 /* Extensions.swift */; };
		989579E123F9A16A00CA6398 /* RxSwift.framework in Frameworks */ = {isa = PBXBuildFile; fileRef = 989579E023F9A16A00CA6398 /* RxSwift.framework */; };
		989579E523F9A17000CA6398 /* RxCocoa.framework in Frameworks */ = {isa = PBXBuildFile; fileRef = 989579E423F9A17000CA6398 /* RxCocoa.framework */; };
		989579E823F9A53E00CA6398 /* RxBlocking.framework in Frameworks */ = {isa = PBXBuildFile; fileRef = 989579E723F9A53E00CA6398 /* RxBlocking.framework */; };
		989579EC23F9A54000CA6398 /* RxRelay.framework in Frameworks */ = {isa = PBXBuildFile; fileRef = 989579EB23F9A54000CA6398 /* RxRelay.framework */; };
		98BCC802240193150061AA52 /* UnitFormatter.swift in Sources */ = {isa = PBXBuildFile; fileRef = 98BCC801240193150061AA52 /* UnitFormatter.swift */; };
		98BCC80424019B740061AA52 /* DetailedWeatherVC.swift in Sources */ = {isa = PBXBuildFile; fileRef = 98BCC80324019B740061AA52 /* DetailedWeatherVC.swift */; };
		98D7608D23FC53E900BF7E15 /* RequestStates.swift in Sources */ = {isa = PBXBuildFile; fileRef = 98D7608C23FC53E900BF7E15 /* RequestStates.swift */; };
/* End PBXBuildFile section */

/* Begin PBXContainerItemProxy section */
		983D38F823F9562B004917DA /* PBXContainerItemProxy */ = {
			isa = PBXContainerItemProxy;
			containerPortal = 983D38D923F95629004917DA /* Project object */;
			proxyType = 1;
			remoteGlobalIDString = 983D38E023F95629004917DA;
			remoteInfo = ReactiveWeatherApp;
		};
		983D390323F9562B004917DA /* PBXContainerItemProxy */ = {
			isa = PBXContainerItemProxy;
			containerPortal = 983D38D923F95629004917DA /* Project object */;
			proxyType = 1;
			remoteGlobalIDString = 983D38E023F95629004917DA;
			remoteInfo = ReactiveWeatherApp;
		};
/* End PBXContainerItemProxy section */

/* Begin PBXFileReference section */
		980E8D51240593B10040A036 /* ReachabilityService.swift */ = {isa = PBXFileReference; lastKnownFileType = sourcecode.swift; path = ReachabilityService.swift; sourceTree = "<group>"; };
		980E8D53240594520040A036 /* ReachabilityChecker.swift */ = {isa = PBXFileReference; lastKnownFileType = sourcecode.swift; path = ReachabilityChecker.swift; sourceTree = "<group>"; };
		9815627423FAE5C600C0F4BC /* ErrorModel.swift */ = {isa = PBXFileReference; lastKnownFileType = sourcecode.swift; path = ErrorModel.swift; sourceTree = "<group>"; };
		982B6C0923F9C08C00FF1814 /* NetworkService.swift */ = {isa = PBXFileReference; lastKnownFileType = sourcecode.swift; path = NetworkService.swift; sourceTree = "<group>"; };
		982B6C0B23F9C12900FF1814 /* ForecastRouter.swift */ = {isa = PBXFileReference; lastKnownFileType = sourcecode.swift; path = ForecastRouter.swift; sourceTree = "<group>"; };
		982B6C0D23F9C17500FF1814 /* Constants.swift */ = {isa = PBXFileReference; lastKnownFileType = sourcecode.swift; path = Constants.swift; sourceTree = "<group>"; };
		982B6C0F23F9C34200FF1814 /* WeatherFetcher.swift */ = {isa = PBXFileReference; lastKnownFileType = sourcecode.swift; path = WeatherFetcher.swift; sourceTree = "<group>"; };
		982B6C1123F9C43D00FF1814 /* LocationFetcher.swift */ = {isa = PBXFileReference; lastKnownFileType = sourcecode.swift; path = LocationFetcher.swift; sourceTree = "<group>"; };
		983D38E123F95629004917DA /* ReactiveWeatherApp.app */ = {isa = PBXFileReference; explicitFileType = wrapper.application; includeInIndex = 0; path = ReactiveWeatherApp.app; sourceTree = BUILT_PRODUCTS_DIR; };
		983D38E423F95629004917DA /* AppDelegate.swift */ = {isa = PBXFileReference; lastKnownFileType = sourcecode.swift; path = AppDelegate.swift; sourceTree = "<group>"; };
		983D38E623F95629004917DA /* SceneDelegate.swift */ = {isa = PBXFileReference; lastKnownFileType = sourcecode.swift; path = SceneDelegate.swift; sourceTree = "<group>"; };
		983D38E823F95629004917DA /* ForecastVC.swift */ = {isa = PBXFileReference; lastKnownFileType = sourcecode.swift; path = ForecastVC.swift; sourceTree = "<group>"; };
		983D38ED23F9562B004917DA /* Assets.xcassets */ = {isa = PBXFileReference; lastKnownFileType = folder.assetcatalog; path = Assets.xcassets; sourceTree = "<group>"; };
		983D38F023F9562B004917DA /* Base */ = {isa = PBXFileReference; lastKnownFileType = file.storyboard; name = Base; path = Base.lproj/LaunchScreen.storyboard; sourceTree = "<group>"; };
		983D38F223F9562B004917DA /* Info.plist */ = {isa = PBXFileReference; lastKnownFileType = text.plist.xml; path = Info.plist; sourceTree = "<group>"; };
		983D38F723F9562B004917DA /* ReactiveWeatherAppTests.xctest */ = {isa = PBXFileReference; explicitFileType = wrapper.cfbundle; includeInIndex = 0; path = ReactiveWeatherAppTests.xctest; sourceTree = BUILT_PRODUCTS_DIR; };
		983D38FB23F9562B004917DA /* ReactiveWeatherAppTests.swift */ = {isa = PBXFileReference; lastKnownFileType = sourcecode.swift; path = ReactiveWeatherAppTests.swift; sourceTree = "<group>"; };
		983D38FD23F9562B004917DA /* Info.plist */ = {isa = PBXFileReference; lastKnownFileType = text.plist.xml; path = Info.plist; sourceTree = "<group>"; };
		983D390223F9562B004917DA /* ReactiveWeatherAppUITests.xctest */ = {isa = PBXFileReference; explicitFileType = wrapper.cfbundle; includeInIndex = 0; path = ReactiveWeatherAppUITests.xctest; sourceTree = BUILT_PRODUCTS_DIR; };
		983D390623F9562B004917DA /* ReactiveWeatherAppUITests.swift */ = {isa = PBXFileReference; lastKnownFileType = sourcecode.swift; path = ReactiveWeatherAppUITests.swift; sourceTree = "<group>"; };
		983D390823F9562B004917DA /* Info.plist */ = {isa = PBXFileReference; lastKnownFileType = text.plist.xml; path = Info.plist; sourceTree = "<group>"; };
		983D391623F97099004917DA /* Alamofire.framework */ = {isa = PBXFileReference; lastKnownFileType = wrapper.framework; name = Alamofire.framework; path = Carthage/Build/iOS/Alamofire.framework; sourceTree = "<group>"; };
		983D391A23F970A1004917DA /* Swinject.framework */ = {isa = PBXFileReference; lastKnownFileType = wrapper.framework; name = Swinject.framework; path = Carthage/Build/iOS/Swinject.framework; sourceTree = "<group>"; };
		983D392923F97D3A004917DA /* WeatherCell.swift */ = {isa = PBXFileReference; lastKnownFileType = sourcecode.swift; path = WeatherCell.swift; sourceTree = "<group>"; };
		983D392B23F980F4004917DA /* ForecastViewModel.swift */ = {isa = PBXFileReference; lastKnownFileType = sourcecode.swift; path = ForecastViewModel.swift; sourceTree = "<group>"; };
		983D392D23F98244004917DA /* WeatherModel.swift */ = {isa = PBXFileReference; lastKnownFileType = sourcecode.swift; path = WeatherModel.swift; sourceTree = "<group>"; };
		983D392F23F982D0004917DA /* LocationModel.swift */ = {isa = PBXFileReference; lastKnownFileType = sourcecode.swift; path = LocationModel.swift; sourceTree = "<group>"; };
		983D393123F98306004917DA /* LocationService.swift */ = {isa = PBXFileReference; lastKnownFileType = sourcecode.swift; path = LocationService.swift; sourceTree = "<group>"; };
		983E95FA2401A1340028DA07 /* DetailedWeatherViewModel.swift */ = {isa = PBXFileReference; lastKnownFileType = sourcecode.swift; path = DetailedWeatherViewModel.swift; sourceTree = "<group>"; };
		984026882401583A0060D55F /* ForecastDataSource.swift */ = {isa = PBXFileReference; lastKnownFileType = sourcecode.swift; path = ForecastDataSource.swift; sourceTree = "<group>"; };
		989465A223FDA65000B77629 /* Extensions.swift */ = {isa = PBXFileReference; lastKnownFileType = sourcecode.swift; path = Extensions.swift; sourceTree = "<group>"; };
		989579E023F9A16A00CA6398 /* RxSwift.framework */ = {isa = PBXFileReference; lastKnownFileType = wrapper.framework; name = RxSwift.framework; path = Carthage/Build/iOS/RxSwift.framework; sourceTree = "<group>"; };
		989579E423F9A17000CA6398 /* RxCocoa.framework */ = {isa = PBXFileReference; lastKnownFileType = wrapper.framework; name = RxCocoa.framework; path = Carthage/Build/iOS/RxCocoa.framework; sourceTree = "<group>"; };
		989579E723F9A53E00CA6398 /* RxBlocking.framework */ = {isa = PBXFileReference; lastKnownFileType = wrapper.framework; name = RxBlocking.framework; path = Carthage/Build/iOS/RxBlocking.framework; sourceTree = "<group>"; };
		989579EB23F9A54000CA6398 /* RxRelay.framework */ = {isa = PBXFileReference; lastKnownFileType = wrapper.framework; name = RxRelay.framework; path = Carthage/Build/iOS/RxRelay.framework; sourceTree = "<group>"; };
		989579EE23F9A54400CA6398 /* RxTest.framework */ = {isa = PBXFileReference; lastKnownFileType = wrapper.framework; name = RxTest.framework; path = Carthage/Build/iOS/RxTest.framework; sourceTree = "<group>"; };
		98BCC801240193150061AA52 /* UnitFormatter.swift */ = {isa = PBXFileReference; lastKnownFileType = sourcecode.swift; path = UnitFormatter.swift; sourceTree = "<group>"; };
		98BCC80324019B740061AA52 /* DetailedWeatherVC.swift */ = {isa = PBXFileReference; lastKnownFileType = sourcecode.swift; path = DetailedWeatherVC.swift; sourceTree = "<group>"; };
		98D7608C23FC53E900BF7E15 /* RequestStates.swift */ = {isa = PBXFileReference; lastKnownFileType = sourcecode.swift; path = RequestStates.swift; sourceTree = "<group>"; };
/* End PBXFileReference section */

/* Begin PBXFrameworksBuildPhase section */
		983D38DE23F95629004917DA /* Frameworks */ = {
			isa = PBXFrameworksBuildPhase;
			buildActionMask = 2147483647;
			files = (
				989579E123F9A16A00CA6398 /* RxSwift.framework in Frameworks */,
				983D391723F97099004917DA /* Alamofire.framework in Frameworks */,
				989579E523F9A17000CA6398 /* RxCocoa.framework in Frameworks */,
				989579EC23F9A54000CA6398 /* RxRelay.framework in Frameworks */,
				983D391B23F970A1004917DA /* Swinject.framework in Frameworks */,
				989579E823F9A53E00CA6398 /* RxBlocking.framework in Frameworks */,
			);
			runOnlyForDeploymentPostprocessing = 0;
		};
		983D38F423F9562B004917DA /* Frameworks */ = {
			isa = PBXFrameworksBuildPhase;
			buildActionMask = 2147483647;
			files = (
			);
			runOnlyForDeploymentPostprocessing = 0;
		};
		983D38FF23F9562B004917DA /* Frameworks */ = {
			isa = PBXFrameworksBuildPhase;
			buildActionMask = 2147483647;
			files = (
			);
			runOnlyForDeploymentPostprocessing = 0;
		};
/* End PBXFrameworksBuildPhase section */

/* Begin PBXGroup section */
		983D38D823F95629004917DA = {
			isa = PBXGroup;
			children = (
				983D38E323F95629004917DA /* ReactiveWeatherApp */,
				983D38FA23F9562B004917DA /* ReactiveWeatherAppTests */,
				983D390523F9562B004917DA /* ReactiveWeatherAppUITests */,
				983D38E223F95629004917DA /* Products */,
				983D391523F97099004917DA /* Frameworks */,
			);
			sourceTree = "<group>";
		};
		983D38E223F95629004917DA /* Products */ = {
			isa = PBXGroup;
			children = (
				983D38E123F95629004917DA /* ReactiveWeatherApp.app */,
				983D38F723F9562B004917DA /* ReactiveWeatherAppTests.xctest */,
				983D390223F9562B004917DA /* ReactiveWeatherAppUITests.xctest */,
			);
			name = Products;
			sourceTree = "<group>";
		};
		983D38E323F95629004917DA /* ReactiveWeatherApp */ = {
			isa = PBXGroup;
			children = (
				983D38E423F95629004917DA /* AppDelegate.swift */,
				983D38E623F95629004917DA /* SceneDelegate.swift */,
				982B6C0D23F9C17500FF1814 /* Constants.swift */,
				989465A223FDA65000B77629 /* Extensions.swift */,
				983D393523F98C4A004917DA /* Services */,
				983D393423F98C3B004917DA /* Models */,
				983D393723F98C7A004917DA /* Views */,
				983D393323F98C32004917DA /* ViewModels */,
				983D393823F98C80004917DA /* ViewControllers */,
				983D393623F98C54004917DA /* Resources */,
				983D38F223F9562B004917DA /* Info.plist */,
			);
			path = ReactiveWeatherApp;
			sourceTree = "<group>";
		};
		983D38FA23F9562B004917DA /* ReactiveWeatherAppTests */ = {
			isa = PBXGroup;
			children = (
				983D38FB23F9562B004917DA /* ReactiveWeatherAppTests.swift */,
				983D38FD23F9562B004917DA /* Info.plist */,
			);
			path = ReactiveWeatherAppTests;
			sourceTree = "<group>";
		};
		983D390523F9562B004917DA /* ReactiveWeatherAppUITests */ = {
			isa = PBXGroup;
			children = (
				983D390623F9562B004917DA /* ReactiveWeatherAppUITests.swift */,
				983D390823F9562B004917DA /* Info.plist */,
			);
			path = ReactiveWeatherAppUITests;
			sourceTree = "<group>";
		};
		983D391523F97099004917DA /* Frameworks */ = {
			isa = PBXGroup;
			children = (
				989579EE23F9A54400CA6398 /* RxTest.framework */,
				989579EB23F9A54000CA6398 /* RxRelay.framework */,
				989579E723F9A53E00CA6398 /* RxBlocking.framework */,
				989579E423F9A17000CA6398 /* RxCocoa.framework */,
				989579E023F9A16A00CA6398 /* RxSwift.framework */,
				983D391A23F970A1004917DA /* Swinject.framework */,
				983D391623F97099004917DA /* Alamofire.framework */,
			);
			name = Frameworks;
			sourceTree = "<group>";
		};
		983D393323F98C32004917DA /* ViewModels */ = {
			isa = PBXGroup;
			children = (
				984026882401583A0060D55F /* ForecastDataSource.swift */,
				983D392B23F980F4004917DA /* ForecastViewModel.swift */,
				983E95FA2401A1340028DA07 /* DetailedWeatherViewModel.swift */,
			);
			path = ViewModels;
			sourceTree = "<group>";
		};
		983D393423F98C3B004917DA /* Models */ = {
			isa = PBXGroup;
			children = (
				983D392F23F982D0004917DA /* LocationModel.swift */,
				983D392D23F98244004917DA /* WeatherModel.swift */,
				9815627423FAE5C600C0F4BC /* ErrorModel.swift */,
				98BCC801240193150061AA52 /* UnitFormatter.swift */,
			);
			path = Models;
			sourceTree = "<group>";
		};
		983D393523F98C4A004917DA /* Services */ = {
			isa = PBXGroup;
			children = (
				980E8D51240593B10040A036 /* ReachabilityService.swift */,
				980E8D53240594520040A036 /* ReachabilityChecker.swift */,
				983D393123F98306004917DA /* LocationService.swift */,
				982B6C1123F9C43D00FF1814 /* LocationFetcher.swift */,
				982B6C0923F9C08C00FF1814 /* NetworkService.swift */,
				982B6C0F23F9C34200FF1814 /* WeatherFetcher.swift */,
				982B6C0B23F9C12900FF1814 /* ForecastRouter.swift */,
				98D7608C23FC53E900BF7E15 /* RequestStates.swift */,
			);
			path = Services;
			sourceTree = "<group>";
		};
		983D393623F98C54004917DA /* Resources */ = {
			isa = PBXGroup;
			children = (
				983D38ED23F9562B004917DA /* Assets.xcassets */,
				983D38EF23F9562B004917DA /* LaunchScreen.storyboard */,
			);
			path = Resources;
			sourceTree = "<group>";
		};
		983D393723F98C7A004917DA /* Views */ = {
			isa = PBXGroup;
			children = (
				983D392923F97D3A004917DA /* WeatherCell.swift */,
			);
			path = Views;
			sourceTree = "<group>";
		};
		983D393823F98C80004917DA /* ViewControllers */ = {
			isa = PBXGroup;
			children = (
				983D38E823F95629004917DA /* ForecastVC.swift */,
				98BCC80324019B740061AA52 /* DetailedWeatherVC.swift */,
			);
			path = ViewControllers;
			sourceTree = "<group>";
		};
/* End PBXGroup section */

/* Begin PBXNativeTarget section */
		983D38E023F95629004917DA /* ReactiveWeatherApp */ = {
			isa = PBXNativeTarget;
			buildConfigurationList = 983D390B23F9562B004917DA /* Build configuration list for PBXNativeTarget "ReactiveWeatherApp" */;
			buildPhases = (
				983D38DD23F95629004917DA /* Sources */,
				983D38DE23F95629004917DA /* Frameworks */,
				983D38DF23F95629004917DA /* Resources */,
				983D391423F96FE8004917DA /* Carthage */,
				982B6C0823F9BED400FF1814 /* Swiftlint */,
			);
			buildRules = (
			);
			dependencies = (
			);
			name = ReactiveWeatherApp;
			productName = ReactiveWeatherApp;
			productReference = 983D38E123F95629004917DA /* ReactiveWeatherApp.app */;
			productType = "com.apple.product-type.application";
		};
		983D38F623F9562B004917DA /* ReactiveWeatherAppTests */ = {
			isa = PBXNativeTarget;
			buildConfigurationList = 983D390E23F9562B004917DA /* Build configuration list for PBXNativeTarget "ReactiveWeatherAppTests" */;
			buildPhases = (
				983D38F323F9562B004917DA /* Sources */,
				983D38F423F9562B004917DA /* Frameworks */,
				983D38F523F9562B004917DA /* Resources */,
			);
			buildRules = (
			);
			dependencies = (
				983D38F923F9562B004917DA /* PBXTargetDependency */,
			);
			name = ReactiveWeatherAppTests;
			productName = ReactiveWeatherAppTests;
			productReference = 983D38F723F9562B004917DA /* ReactiveWeatherAppTests.xctest */;
			productType = "com.apple.product-type.bundle.unit-test";
		};
		983D390123F9562B004917DA /* ReactiveWeatherAppUITests */ = {
			isa = PBXNativeTarget;
			buildConfigurationList = 983D391123F9562B004917DA /* Build configuration list for PBXNativeTarget "ReactiveWeatherAppUITests" */;
			buildPhases = (
				983D38FE23F9562B004917DA /* Sources */,
				983D38FF23F9562B004917DA /* Frameworks */,
				983D390023F9562B004917DA /* Resources */,
			);
			buildRules = (
			);
			dependencies = (
				983D390423F9562B004917DA /* PBXTargetDependency */,
			);
			name = ReactiveWeatherAppUITests;
			productName = ReactiveWeatherAppUITests;
			productReference = 983D390223F9562B004917DA /* ReactiveWeatherAppUITests.xctest */;
			productType = "com.apple.product-type.bundle.ui-testing";
		};
/* End PBXNativeTarget section */

/* Begin PBXProject section */
		983D38D923F95629004917DA /* Project object */ = {
			isa = PBXProject;
			attributes = {
				LastSwiftUpdateCheck = 1130;
				LastUpgradeCheck = 1130;
				ORGANIZATIONNAME = "Dawid Bazan";
				TargetAttributes = {
					983D38E023F95629004917DA = {
						CreatedOnToolsVersion = 11.3;
					};
					983D38F623F9562B004917DA = {
						CreatedOnToolsVersion = 11.3;
						TestTargetID = 983D38E023F95629004917DA;
					};
					983D390123F9562B004917DA = {
						CreatedOnToolsVersion = 11.3;
						TestTargetID = 983D38E023F95629004917DA;
					};
				};
			};
			buildConfigurationList = 983D38DC23F95629004917DA /* Build configuration list for PBXProject "ReactiveWeatherApp" */;
			compatibilityVersion = "Xcode 9.3";
			developmentRegion = en;
			hasScannedForEncodings = 0;
			knownRegions = (
				en,
				Base,
			);
			mainGroup = 983D38D823F95629004917DA;
			productRefGroup = 983D38E223F95629004917DA /* Products */;
			projectDirPath = "";
			projectRoot = "";
			targets = (
				983D38E023F95629004917DA /* ReactiveWeatherApp */,
				983D38F623F9562B004917DA /* ReactiveWeatherAppTests */,
				983D390123F9562B004917DA /* ReactiveWeatherAppUITests */,
			);
		};
/* End PBXProject section */

/* Begin PBXResourcesBuildPhase section */
		983D38DF23F95629004917DA /* Resources */ = {
			isa = PBXResourcesBuildPhase;
			buildActionMask = 2147483647;
			files = (
				983D38F123F9562B004917DA /* LaunchScreen.storyboard in Resources */,
				983D38EE23F9562B004917DA /* Assets.xcassets in Resources */,
			);
			runOnlyForDeploymentPostprocessing = 0;
		};
		983D38F523F9562B004917DA /* Resources */ = {
			isa = PBXResourcesBuildPhase;
			buildActionMask = 2147483647;
			files = (
			);
			runOnlyForDeploymentPostprocessing = 0;
		};
		983D390023F9562B004917DA /* Resources */ = {
			isa = PBXResourcesBuildPhase;
			buildActionMask = 2147483647;
			files = (
			);
			runOnlyForDeploymentPostprocessing = 0;
		};
/* End PBXResourcesBuildPhase section */

/* Begin PBXShellScriptBuildPhase section */
		982B6C0823F9BED400FF1814 /* Swiftlint */ = {
			isa = PBXShellScriptBuildPhase;
			buildActionMask = 2147483647;
			files = (
			);
			inputFileListPaths = (
			);
			inputPaths = (
			);
			name = Swiftlint;
			outputFileListPaths = (
			);
			outputPaths = (
			);
			runOnlyForDeploymentPostprocessing = 0;
			shellPath = /bin/sh;
			shellScript = "if which swiftlint >/dev/null; then\n  swiftlint\nelse\n  echo \"warning: SwiftLint not installed, download from https://github.com/realm/SwiftLint\"\nfi\n";
		};
		983D391423F96FE8004917DA /* Carthage */ = {
			isa = PBXShellScriptBuildPhase;
			buildActionMask = 2147483647;
			files = (
			);
			inputFileListPaths = (
			);
			inputPaths = (
				"$(SRCROOT)/Carthage/Build/iOS/Alamofire.framework",
				"$(SRCROOT)/Carthage/Build/iOS/Swinject.framework",
				"$(SRCROOT)/Carthage/Build/iOS/RxSwift.framework",
				"$(SRCROOT)/Carthage/Build/iOS/RxCocoa.framework",
				"$(SRCROOT)/Carthage/Build/iOS/RxRelay.framework",
				"$(SRCROOT)/Carthage/Build/iOS/RxBlocking.framework",
			);
			name = Carthage;
			outputFileListPaths = (
			);
			outputPaths = (
				"$(BUILT_PRODUCTS_DIR)/$(FRAMEWORKS_FOLDER_PATH)/Alamofire.framework",
				"$(BUILT_PRODUCTS_DIR)/$(FRAMEWORKS_FOLDER_PATH)/Swinject.framework",
				"$(BUILT_PRODUCTS_DIR)/$(FRAMEWORKS_FOLDER_PATH)/RxSwift.framework",
				"$(BUILT_PRODUCTS_DIR)/$(FRAMEWORKS_FOLDER_PATH)/RxCocoa.framework",
				"$(BUILT_PRODUCTS_DIR)/$(FRAMEWORKS_FOLDER_PATH)/RxRelay.framework",
				"$(BUILT_PRODUCTS_DIR)/$(FRAMEWORKS_FOLDER_PATH)/RxBlocking.framework",
			);
			runOnlyForDeploymentPostprocessing = 0;
			shellPath = /bin/sh;
			shellScript = "/usr/local/bin/carthage copy-frameworks\n";
		};
/* End PBXShellScriptBuildPhase section */

/* Begin PBXSourcesBuildPhase section */
		983D38DD23F95629004917DA /* Sources */ = {
			isa = PBXSourcesBuildPhase;
			buildActionMask = 2147483647;
			files = (
				9815627523FAE5C600C0F4BC /* ErrorModel.swift in Sources */,
				982B6C1223F9C43D00FF1814 /* LocationFetcher.swift in Sources */,
				982B6C1023F9C34200FF1814 /* WeatherFetcher.swift in Sources */,
				98D7608D23FC53E900BF7E15 /* RequestStates.swift in Sources */,
				98BCC802240193150061AA52 /* UnitFormatter.swift in Sources */,
				983E95FB2401A1340028DA07 /* DetailedWeatherViewModel.swift in Sources */,
				983D392A23F97D3A004917DA /* WeatherCell.swift in Sources */,
				98BCC80424019B740061AA52 /* DetailedWeatherVC.swift in Sources */,
				980E8D54240594520040A036 /* ReachabilityChecker.swift in Sources */,
				982B6C0E23F9C17500FF1814 /* Constants.swift in Sources */,
				983D38E923F95629004917DA /* ForecastVC.swift in Sources */,
				982B6C0C23F9C12900FF1814 /* ForecastRouter.swift in Sources */,
				984026892401583A0060D55F /* ForecastDataSource.swift in Sources */,
				983D393223F98306004917DA /* LocationService.swift in Sources */,
				983D392C23F980F4004917DA /* ForecastViewModel.swift in Sources */,
				980E8D52240593B10040A036 /* ReachabilityService.swift in Sources */,
				982B6C0A23F9C08C00FF1814 /* NetworkService.swift in Sources */,
				989465A323FDA65000B77629 /* Extensions.swift in Sources */,
				983D38E523F95629004917DA /* AppDelegate.swift in Sources */,
				983D392E23F98244004917DA /* WeatherModel.swift in Sources */,
				983D393023F982D0004917DA /* LocationModel.swift in Sources */,
				983D38E723F95629004917DA /* SceneDelegate.swift in Sources */,
			);
			runOnlyForDeploymentPostprocessing = 0;
		};
		983D38F323F9562B004917DA /* Sources */ = {
			isa = PBXSourcesBuildPhase;
			buildActionMask = 2147483647;
			files = (
				983D38FC23F9562B004917DA /* ReactiveWeatherAppTests.swift in Sources */,
			);
			runOnlyForDeploymentPostprocessing = 0;
		};
		983D38FE23F9562B004917DA /* Sources */ = {
			isa = PBXSourcesBuildPhase;
			buildActionMask = 2147483647;
			files = (
				983D390723F9562B004917DA /* ReactiveWeatherAppUITests.swift in Sources */,
			);
			runOnlyForDeploymentPostprocessing = 0;
		};
/* End PBXSourcesBuildPhase section */

/* Begin PBXTargetDependency section */
		983D38F923F9562B004917DA /* PBXTargetDependency */ = {
			isa = PBXTargetDependency;
			target = 983D38E023F95629004917DA /* ReactiveWeatherApp */;
			targetProxy = 983D38F823F9562B004917DA /* PBXContainerItemProxy */;
		};
		983D390423F9562B004917DA /* PBXTargetDependency */ = {
			isa = PBXTargetDependency;
			target = 983D38E023F95629004917DA /* ReactiveWeatherApp */;
			targetProxy = 983D390323F9562B004917DA /* PBXContainerItemProxy */;
		};
/* End PBXTargetDependency section */

/* Begin PBXVariantGroup section */
		983D38EF23F9562B004917DA /* LaunchScreen.storyboard */ = {
			isa = PBXVariantGroup;
			children = (
				983D38F023F9562B004917DA /* Base */,
			);
			name = LaunchScreen.storyboard;
			sourceTree = "<group>";
		};
/* End PBXVariantGroup section */

/* Begin XCBuildConfiguration section */
		983D390923F9562B004917DA /* Debug */ = {
			isa = XCBuildConfiguration;
			buildSettings = {
				ALWAYS_SEARCH_USER_PATHS = NO;
				CLANG_ANALYZER_NONNULL = YES;
				CLANG_ANALYZER_NUMBER_OBJECT_CONVERSION = YES_AGGRESSIVE;
				CLANG_CXX_LANGUAGE_STANDARD = "gnu++14";
				CLANG_CXX_LIBRARY = "libc++";
				CLANG_ENABLE_MODULES = YES;
				CLANG_ENABLE_OBJC_ARC = YES;
				CLANG_ENABLE_OBJC_WEAK = YES;
				CLANG_WARN_BLOCK_CAPTURE_AUTORELEASING = YES;
				CLANG_WARN_BOOL_CONVERSION = YES;
				CLANG_WARN_COMMA = YES;
				CLANG_WARN_CONSTANT_CONVERSION = YES;
				CLANG_WARN_DEPRECATED_OBJC_IMPLEMENTATIONS = YES;
				CLANG_WARN_DIRECT_OBJC_ISA_USAGE = YES_ERROR;
				CLANG_WARN_DOCUMENTATION_COMMENTS = YES;
				CLANG_WARN_EMPTY_BODY = YES;
				CLANG_WARN_ENUM_CONVERSION = YES;
				CLANG_WARN_INFINITE_RECURSION = YES;
				CLANG_WARN_INT_CONVERSION = YES;
				CLANG_WARN_NON_LITERAL_NULL_CONVERSION = YES;
				CLANG_WARN_OBJC_IMPLICIT_RETAIN_SELF = YES;
				CLANG_WARN_OBJC_LITERAL_CONVERSION = YES;
				CLANG_WARN_OBJC_ROOT_CLASS = YES_ERROR;
				CLANG_WARN_RANGE_LOOP_ANALYSIS = YES;
				CLANG_WARN_STRICT_PROTOTYPES = YES;
				CLANG_WARN_SUSPICIOUS_MOVE = YES;
				CLANG_WARN_UNGUARDED_AVAILABILITY = YES_AGGRESSIVE;
				CLANG_WARN_UNREACHABLE_CODE = YES;
				CLANG_WARN__DUPLICATE_METHOD_MATCH = YES;
				COPY_PHASE_STRIP = NO;
				DEBUG_INFORMATION_FORMAT = dwarf;
				ENABLE_STRICT_OBJC_MSGSEND = YES;
				ENABLE_TESTABILITY = YES;
				GCC_C_LANGUAGE_STANDARD = gnu11;
				GCC_DYNAMIC_NO_PIC = NO;
				GCC_NO_COMMON_BLOCKS = YES;
				GCC_OPTIMIZATION_LEVEL = 0;
				GCC_PREPROCESSOR_DEFINITIONS = (
					"DEBUG=1",
					"$(inherited)",
				);
				GCC_WARN_64_TO_32_BIT_CONVERSION = YES;
				GCC_WARN_ABOUT_RETURN_TYPE = YES_ERROR;
				GCC_WARN_UNDECLARED_SELECTOR = YES;
				GCC_WARN_UNINITIALIZED_AUTOS = YES_AGGRESSIVE;
				GCC_WARN_UNUSED_FUNCTION = YES;
				GCC_WARN_UNUSED_VARIABLE = YES;
				IPHONEOS_DEPLOYMENT_TARGET = 13.2;
				MTL_ENABLE_DEBUG_INFO = INCLUDE_SOURCE;
				MTL_FAST_MATH = YES;
				ONLY_ACTIVE_ARCH = YES;
				SDKROOT = iphoneos;
				SWIFT_ACTIVE_COMPILATION_CONDITIONS = DEBUG;
				SWIFT_OPTIMIZATION_LEVEL = "-Onone";
			};
			name = Debug;
		};
		983D390A23F9562B004917DA /* Release */ = {
			isa = XCBuildConfiguration;
			buildSettings = {
				ALWAYS_SEARCH_USER_PATHS = NO;
				CLANG_ANALYZER_NONNULL = YES;
				CLANG_ANALYZER_NUMBER_OBJECT_CONVERSION = YES_AGGRESSIVE;
				CLANG_CXX_LANGUAGE_STANDARD = "gnu++14";
				CLANG_CXX_LIBRARY = "libc++";
				CLANG_ENABLE_MODULES = YES;
				CLANG_ENABLE_OBJC_ARC = YES;
				CLANG_ENABLE_OBJC_WEAK = YES;
				CLANG_WARN_BLOCK_CAPTURE_AUTORELEASING = YES;
				CLANG_WARN_BOOL_CONVERSION = YES;
				CLANG_WARN_COMMA = YES;
				CLANG_WARN_CONSTANT_CONVERSION = YES;
				CLANG_WARN_DEPRECATED_OBJC_IMPLEMENTATIONS = YES;
				CLANG_WARN_DIRECT_OBJC_ISA_USAGE = YES_ERROR;
				CLANG_WARN_DOCUMENTATION_COMMENTS = YES;
				CLANG_WARN_EMPTY_BODY = YES;
				CLANG_WARN_ENUM_CONVERSION = YES;
				CLANG_WARN_INFINITE_RECURSION = YES;
				CLANG_WARN_INT_CONVERSION = YES;
				CLANG_WARN_NON_LITERAL_NULL_CONVERSION = YES;
				CLANG_WARN_OBJC_IMPLICIT_RETAIN_SELF = YES;
				CLANG_WARN_OBJC_LITERAL_CONVERSION = YES;
				CLANG_WARN_OBJC_ROOT_CLASS = YES_ERROR;
				CLANG_WARN_RANGE_LOOP_ANALYSIS = YES;
				CLANG_WARN_STRICT_PROTOTYPES = YES;
				CLANG_WARN_SUSPICIOUS_MOVE = YES;
				CLANG_WARN_UNGUARDED_AVAILABILITY = YES_AGGRESSIVE;
				CLANG_WARN_UNREACHABLE_CODE = YES;
				CLANG_WARN__DUPLICATE_METHOD_MATCH = YES;
				COPY_PHASE_STRIP = NO;
				DEBUG_INFORMATION_FORMAT = "dwarf-with-dsym";
				ENABLE_NS_ASSERTIONS = NO;
				ENABLE_STRICT_OBJC_MSGSEND = YES;
				GCC_C_LANGUAGE_STANDARD = gnu11;
				GCC_NO_COMMON_BLOCKS = YES;
				GCC_WARN_64_TO_32_BIT_CONVERSION = YES;
				GCC_WARN_ABOUT_RETURN_TYPE = YES_ERROR;
				GCC_WARN_UNDECLARED_SELECTOR = YES;
				GCC_WARN_UNINITIALIZED_AUTOS = YES_AGGRESSIVE;
				GCC_WARN_UNUSED_FUNCTION = YES;
				GCC_WARN_UNUSED_VARIABLE = YES;
				IPHONEOS_DEPLOYMENT_TARGET = 13.2;
				MTL_ENABLE_DEBUG_INFO = NO;
				MTL_FAST_MATH = YES;
				SDKROOT = iphoneos;
				SWIFT_COMPILATION_MODE = wholemodule;
				SWIFT_OPTIMIZATION_LEVEL = "-O";
				VALIDATE_PRODUCT = YES;
			};
			name = Release;
		};
		983D390C23F9562B004917DA /* Debug */ = {
			isa = XCBuildConfiguration;
			buildSettings = {
				ASSETCATALOG_COMPILER_APPICON_NAME = AppIcon;
				CODE_SIGN_STYLE = Automatic;
				DEVELOPMENT_TEAM = M9655785CU;
				FRAMEWORK_SEARCH_PATHS = (
					"$(inherited)",
					"$(PROJECT_DIR)/Carthage/Build/iOS",
				);
				INFOPLIST_FILE = ReactiveWeatherApp/Info.plist;
				IPHONEOS_DEPLOYMENT_TARGET = 13.0;
				LD_RUNPATH_SEARCH_PATHS = (
					"$(inherited)",
					"@executable_path/Frameworks",
				);
				MARKETING_VERSION = 1.0.0;
				PRODUCT_BUNDLE_IDENTIFIER = com.bazan.ReactiveWeatherApp;
				PRODUCT_NAME = "$(TARGET_NAME)";
				SWIFT_VERSION = 5.0;
				TARGETED_DEVICE_FAMILY = "1,2";
			};
			name = Debug;
		};
		983D390D23F9562B004917DA /* Release */ = {
			isa = XCBuildConfiguration;
			buildSettings = {
				ASSETCATALOG_COMPILER_APPICON_NAME = AppIcon;
				CODE_SIGN_STYLE = Automatic;
				DEVELOPMENT_TEAM = M9655785CU;
				FRAMEWORK_SEARCH_PATHS = (
					"$(inherited)",
					"$(PROJECT_DIR)/Carthage/Build/iOS",
				);
				INFOPLIST_FILE = ReactiveWeatherApp/Info.plist;
				IPHONEOS_DEPLOYMENT_TARGET = 13.0;
				LD_RUNPATH_SEARCH_PATHS = (
					"$(inherited)",
					"@executable_path/Frameworks",
				);
				MARKETING_VERSION = 1.0.0;
				PRODUCT_BUNDLE_IDENTIFIER = com.bazan.ReactiveWeatherApp;
				PRODUCT_NAME = "$(TARGET_NAME)";
				SWIFT_VERSION = 5.0;
				TARGETED_DEVICE_FAMILY = "1,2";
			};
			name = Release;
		};
		983D390F23F9562B004917DA /* Debug */ = {
			isa = XCBuildConfiguration;
			buildSettings = {
				ALWAYS_EMBED_SWIFT_STANDARD_LIBRARIES = YES;
				BUNDLE_LOADER = "$(TEST_HOST)";
				CODE_SIGN_STYLE = Automatic;
				DEVELOPMENT_TEAM = M9655785CU;
				INFOPLIST_FILE = ReactiveWeatherAppTests/Info.plist;
				IPHONEOS_DEPLOYMENT_TARGET = 13.2;
				LD_RUNPATH_SEARCH_PATHS = (
					"$(inherited)",
					"@executable_path/Frameworks",
					"@loader_path/Frameworks",
				);
				PRODUCT_BUNDLE_IDENTIFIER = com.bazan.ReactiveWeatherAppTests;
				PRODUCT_NAME = "$(TARGET_NAME)";
				SWIFT_VERSION = 5.0;
				TARGETED_DEVICE_FAMILY = "1,2";
				TEST_HOST = "$(BUILT_PRODUCTS_DIR)/ReactiveWeatherApp.app/ReactiveWeatherApp";
			};
			name = Debug;
		};
		983D391023F9562B004917DA /* Release */ = {
			isa = XCBuildConfiguration;
			buildSettings = {
				ALWAYS_EMBED_SWIFT_STANDARD_LIBRARIES = YES;
				BUNDLE_LOADER = "$(TEST_HOST)";
				CODE_SIGN_STYLE = Automatic;
				DEVELOPMENT_TEAM = M9655785CU;
				INFOPLIST_FILE = ReactiveWeatherAppTests/Info.plist;
				IPHONEOS_DEPLOYMENT_TARGET = 13.2;
				LD_RUNPATH_SEARCH_PATHS = (
					"$(inherited)",
					"@executable_path/Frameworks",
					"@loader_path/Frameworks",
				);
				PRODUCT_BUNDLE_IDENTIFIER = com.bazan.ReactiveWeatherAppTests;
				PRODUCT_NAME = "$(TARGET_NAME)";
				SWIFT_VERSION = 5.0;
				TARGETED_DEVICE_FAMILY = "1,2";
				TEST_HOST = "$(BUILT_PRODUCTS_DIR)/ReactiveWeatherApp.app/ReactiveWeatherApp";
			};
			name = Release;
		};
		983D391223F9562B004917DA /* Debug */ = {
			isa = XCBuildConfiguration;
			buildSettings = {
				ALWAYS_EMBED_SWIFT_STANDARD_LIBRARIES = YES;
				CODE_SIGN_STYLE = Automatic;
				DEVELOPMENT_TEAM = M9655785CU;
				INFOPLIST_FILE = ReactiveWeatherAppUITests/Info.plist;
				LD_RUNPATH_SEARCH_PATHS = (
					"$(inherited)",
					"@executable_path/Frameworks",
					"@loader_path/Frameworks",
				);
				PRODUCT_BUNDLE_IDENTIFIER = com.bazan.ReactiveWeatherAppUITests;
				PRODUCT_NAME = "$(TARGET_NAME)";
				SWIFT_VERSION = 5.0;
				TARGETED_DEVICE_FAMILY = "1,2";
				TEST_TARGET_NAME = ReactiveWeatherApp;
			};
			name = Debug;
		};
		983D391323F9562B004917DA /* Release */ = {
			isa = XCBuildConfiguration;
			buildSettings = {
				ALWAYS_EMBED_SWIFT_STANDARD_LIBRARIES = YES;
				CODE_SIGN_STYLE = Automatic;
				DEVELOPMENT_TEAM = M9655785CU;
				INFOPLIST_FILE = ReactiveWeatherAppUITests/Info.plist;
				LD_RUNPATH_SEARCH_PATHS = (
					"$(inherited)",
					"@executable_path/Frameworks",
					"@loader_path/Frameworks",
				);
				PRODUCT_BUNDLE_IDENTIFIER = com.bazan.ReactiveWeatherAppUITests;
				PRODUCT_NAME = "$(TARGET_NAME)";
				SWIFT_VERSION = 5.0;
				TARGETED_DEVICE_FAMILY = "1,2";
				TEST_TARGET_NAME = ReactiveWeatherApp;
			};
			name = Release;
		};
/* End XCBuildConfiguration section */

/* Begin XCConfigurationList section */
		983D38DC23F95629004917DA /* Build configuration list for PBXProject "ReactiveWeatherApp" */ = {
			isa = XCConfigurationList;
			buildConfigurations = (
				983D390923F9562B004917DA /* Debug */,
				983D390A23F9562B004917DA /* Release */,
			);
			defaultConfigurationIsVisible = 0;
			defaultConfigurationName = Release;
		};
		983D390B23F9562B004917DA /* Build configuration list for PBXNativeTarget "ReactiveWeatherApp" */ = {
			isa = XCConfigurationList;
			buildConfigurations = (
				983D390C23F9562B004917DA /* Debug */,
				983D390D23F9562B004917DA /* Release */,
			);
			defaultConfigurationIsVisible = 0;
			defaultConfigurationName = Release;
		};
		983D390E23F9562B004917DA /* Build configuration list for PBXNativeTarget "ReactiveWeatherAppTests" */ = {
			isa = XCConfigurationList;
			buildConfigurations = (
				983D390F23F9562B004917DA /* Debug */,
				983D391023F9562B004917DA /* Release */,
			);
			defaultConfigurationIsVisible = 0;
			defaultConfigurationName = Release;
		};
		983D391123F9562B004917DA /* Build configuration list for PBXNativeTarget "ReactiveWeatherAppUITests" */ = {
			isa = XCConfigurationList;
			buildConfigurations = (
				983D391223F9562B004917DA /* Debug */,
				983D391323F9562B004917DA /* Release */,
			);
			defaultConfigurationIsVisible = 0;
			defaultConfigurationName = Release;
		};
/* End XCConfigurationList section */
	};
	rootObject = 983D38D923F95629004917DA /* Project object */;
}
